
Microsoft Visual Studio Solution File, Format Version 12.00
# Visual Studio Version 17
VisualStudioVersion = 17.5.33530.505
MinimumVisualStudioVersion = 10.0.40219.1
Project("{9A19103F-16F7-4668-BE54-9A1E7A4F7556}") = "OnionSa.Domain", "OnionSa.Domain\OnionSa.Domain.csproj", "{80BDF457-9FDB-4786-98EB-303586B7014D}"
EndProject
Project("{9A19103F-16F7-4668-BE54-9A1E7A4F7556}") = "OnionSa.Repository", "OnionSa.Repository\OnionSa.Repository.csproj", "{FABE418E-76EF-4778-A422-1C50077DD6EE}"
EndProject
Project("{9A19103F-16F7-4668-BE54-9A1E7A4F7556}") = "OnionSa.Test", "OnionSa.Test\OnionSa.Test.csproj", "{EC93144C-9D90-49D9-AC58-1527BB01DF15}"
EndProject
Project("{9A19103F-16F7-4668-BE54-9A1E7A4F7556}") = "OnionSa.Service", "OnionSa.Service\OnionSa.Service.csproj", "{CC479387-0035-42DA-A0D1-C421876E4933}"
EndProject
Project("{FAE04EC0-301F-11D3-BF4B-00C04F79EFBC}") = "OnionSA.API", "OnionSA.API\OnionSA.API.csproj", "{C48140A3-0BD2-49B0-96EC-F27621CC04D7}"
EndProject
Global
	GlobalSection(SolutionConfigurationPlatforms) = preSolution
		Debug|Any CPU = Debug|Any CPU
		Release|Any CPU = Release|Any CPU
	EndGlobalSection
	GlobalSection(ProjectConfigurationPlatforms) = postSolution
		{80BDF457-9FDB-4786-98EB-303586B7014D}.Debug|Any CPU.ActiveCfg = Debug|Any CPU
		{80BDF457-9FDB-4786-98EB-303586B7014D}.Debug|Any CPU.Build.0 = Debug|Any CPU
		{80BDF457-9FDB-4786-98EB-303586B7014D}.Release|Any CPU.ActiveCfg = Release|Any CPU
		{80BDF457-9FDB-4786-98EB-303586B7014D}.Release|Any CPU.Build.0 = Release|Any CPU
		{FABE418E-76EF-4778-A422-1C50077DD6EE}.Debug|Any CPU.ActiveCfg = Debug|Any CPU
		{FABE418E-76EF-4778-A422-1C50077DD6EE}.Debug|Any CPU.Build.0 = Debug|Any CPU
		{FABE418E-76EF-4778-A422-1C50077DD6EE}.Release|Any CPU.ActiveCfg = Release|Any CPU
		{FABE418E-76EF-4778-A422-1C50077DD6EE}.Release|Any CPU.Build.0 = Release|Any CPU
		{EC93144C-9D90-49D9-AC58-1527BB01DF15}.Debug|Any CPU.ActiveCfg = Debug|Any CPU
		{EC93144C-9D90-49D9-AC58-1527BB01DF15}.Debug|Any CPU.Build.0 = Debug|Any CPU
		{EC93144C-9D90-49D9-AC58-1527BB01DF15}.Release|Any CPU.ActiveCfg = Release|Any CPU
		{EC93144C-9D90-49D9-AC58-1527BB01DF15}.Release|Any CPU.Build.0 = Release|Any CPU
		{CC479387-0035-42DA-A0D1-C421876E4933}.Debug|Any CPU.ActiveCfg = Debug|Any CPU
		{CC479387-0035-42DA-A0D1-C421876E4933}.Debug|Any CPU.Build.0 = Debug|Any CPU
		{CC479387-0035-42DA-A0D1-C421876E4933}.Release|Any CPU.ActiveCfg = Release|Any CPU
		{CC479387-0035-42DA-A0D1-C421876E4933}.Release|Any CPU.Build.0 = Release|Any CPU
		{C48140A3-0BD2-49B0-96EC-F27621CC04D7}.Debug|Any CPU.ActiveCfg = Debug|Any CPU
		{C48140A3-0BD2-49B0-96EC-F27621CC04D7}.Debug|Any CPU.Build.0 = Debug|Any CPU
		{C48140A3-0BD2-49B0-96EC-F27621CC04D7}.Release|Any CPU.ActiveCfg = Release|Any CPU
		{C48140A3-0BD2-49B0-96EC-F27621CC04D7}.Release|Any CPU.Build.0 = Release|Any CPU
	EndGlobalSection
	GlobalSection(SolutionProperties) = preSolution
		HideSolutionNode = FALSE
	EndGlobalSection
	GlobalSection(ExtensibilityGlobals) = postSolution
		SolutionGuid = {64E0BA3B-D111-44BE-8C0D-DD209695384C}
	EndGlobalSection
EndGlobal
